
Microsoft Visual Studio Solution File, Format Version 12.00
# Visual Studio Version 16
VisualStudioVersion = 16.0.31729.503
MinimumVisualStudioVersion = 10.0.40219.1
Project("{FAE04EC0-301F-11D3-BF4B-00C04F79EFBC}") = "StackLinkedList", "StackLinkedList\StackLinkedList.csproj", "{893845E2-239E-49FF-886E-E7D48F7B3AD5}"
EndProject
Global
	GlobalSection(SolutionConfigurationPlatforms) = preSolution
		Debug|Any CPU = Debug|Any CPU
		Release|Any CPU = Release|Any CPU
	EndGlobalSection
	GlobalSection(ProjectConfigurationPlatforms) = postSolution
		{893845E2-239E-49FF-886E-E7D48F7B3AD5}.Debug|Any CPU.ActiveCfg = Debug|Any CPU
		{893845E2-239E-49FF-886E-E7D48F7B3AD5}.Debug|Any CPU.Build.0 = Debug|Any CPU
		{893845E2-239E-49FF-886E-E7D48F7B3AD5}.Release|Any CPU.ActiveCfg = Release|Any CPU
		{893845E2-239E-49FF-886E-E7D48F7B3AD5}.Release|Any CPU.Build.0 = Release|Any CPU
	EndGlobalSection
	GlobalSection(SolutionProperties) = preSolution
		HideSolutionNode = FALSE
	EndGlobalSection
	GlobalSection(ExtensibilityGlobals) = postSolution
		SolutionGuid = {641D1EC0-6C4A-431C-949B-51C47CB24A6D}
	EndGlobalSection
EndGlobal
